
Microsoft Visual Studio Solution File, Format Version 12.00
# Visual Studio Version 16
VisualStudioVersion = 16.0.30907.101
MinimumVisualStudioVersion = 10.0.40219.1
Project("{FAE04EC0-301F-11D3-BF4B-00C04F79EFBC}") = "2proektC_tulusa", "2proektC_tulusa.csproj", "{474900FF-495A-4B3C-9B64-915D3085890A}"
EndProject
Global
	GlobalSection(SolutionConfigurationPlatforms) = preSolution
		Debug|Any CPU = Debug|Any CPU
		Release|Any CPU = Release|Any CPU
	EndGlobalSection
	GlobalSection(ProjectConfigurationPlatforms) = postSolution
		{474900FF-495A-4B3C-9B64-915D3085890A}.Debug|Any CPU.ActiveCfg = Debug|Any CPU
		{474900FF-495A-4B3C-9B64-915D3085890A}.Debug|Any CPU.Build.0 = Debug|Any CPU
		{474900FF-495A-4B3C-9B64-915D3085890A}.Release|Any CPU.ActiveCfg = Release|Any CPU
		{474900FF-495A-4B3C-9B64-915D3085890A}.Release|Any CPU.Build.0 = Release|Any CPU
	EndGlobalSection
	GlobalSection(SolutionProperties) = preSolution
		HideSolutionNode = FALSE
	EndGlobalSection
	GlobalSection(ExtensibilityGlobals) = postSolution
		SolutionGuid = {D8DDB89F-B527-4AE0-8F08-5E464270217C}
	EndGlobalSection
EndGlobal
